
Microsoft Visual Studio Solution File, Format Version 12.00
# Visual Studio Version 16
VisualStudioVersion = 16.0.31321.278
MinimumVisualStudioVersion = 10.0.40219.1
Project("{FAE04EC0-301F-11D3-BF4B-00C04F79EFBC}") = "LW_2_01_1", "LW_2_01_1\LW_2_01_1.csproj", "{6DC814C9-4D17-4244-84D0-1393E0FDB3AF}"
EndProject
Global
	GlobalSection(SolutionConfigurationPlatforms) = preSolution
		Debug|Any CPU = Debug|Any CPU
		Release|Any CPU = Release|Any CPU
	EndGlobalSection
	GlobalSection(ProjectConfigurationPlatforms) = postSolution
		{6DC814C9-4D17-4244-84D0-1393E0FDB3AF}.Debug|Any CPU.ActiveCfg = Debug|Any CPU
		{6DC814C9-4D17-4244-84D0-1393E0FDB3AF}.Debug|Any CPU.Build.0 = Debug|Any CPU
		{6DC814C9-4D17-4244-84D0-1393E0FDB3AF}.Release|Any CPU.ActiveCfg = Release|Any CPU
		{6DC814C9-4D17-4244-84D0-1393E0FDB3AF}.Release|Any CPU.Build.0 = Release|Any CPU
	EndGlobalSection
	GlobalSection(SolutionProperties) = preSolution
		HideSolutionNode = FALSE
	EndGlobalSection
	GlobalSection(ExtensibilityGlobals) = postSolution
		SolutionGuid = {5EA1F401-B60B-4A72-9707-C1B2E6096A44}
	EndGlobalSection
EndGlobal
